// !$*UTF8*$!
{
	archiveVersion = 1;
	classes = {
	};
	objectVersion = 48;
	objects = {

/* Begin PBXBuildFile section */
		E9AE9369208423CF004671B3 /* CryptoforFun.framework in Frameworks */ = {isa = PBXBuildFile; fileRef = E9AE935F208423CE004671B3 /* CryptoforFun.framework */; };
		E9AE936E208423CF004671B3 /* CryptoforFunTests.swift in Sources */ = {isa = PBXBuildFile; fileRef = E9AE936D208423CF004671B3 /* CryptoforFunTests.swift */; };
		E9AE9370208423CF004671B3 /* CryptoforFun.h in Headers */ = {isa = PBXBuildFile; fileRef = E9AE9362208423CE004671B3 /* CryptoforFun.h */; settings = {ATTRIBUTES = (Public, ); }; };
		E9AE93992084240C004671B3 /* AES.swift in Sources */ = {isa = PBXBuildFile; fileRef = E9AE937A2084240C004671B3 /* AES.swift */; };
		E9AE939A2084240C004671B3 /* AESCryptors.swift in Sources */ = {isa = PBXBuildFile; fileRef = E9AE937B2084240C004671B3 /* AESCryptors.swift */; };
		E9AE939B2084240C004671B3 /* BlockMode.swift in Sources */ = {isa = PBXBuildFile; fileRef = E9AE937D2084240C004671B3 /* BlockMode.swift */; };
		E9AE939C2084240C004671B3 /* BlockModeOptions.swift in Sources */ = {isa = PBXBuildFile; fileRef = E9AE937E2084240C004671B3 /* BlockModeOptions.swift */; };
		E9AE939D2084240C004671B3 /* BlockModeWorker.swift in Sources */ = {isa = PBXBuildFile; fileRef = E9AE937F2084240C004671B3 /* BlockModeWorker.swift */; };
		E9AE939E2084240C004671B3 /* CBC.swift in Sources */ = {isa = PBXBuildFile; fileRef = E9AE93802084240C004671B3 /* CBC.swift */; };
		E9AE939F2084240C004671B3 /* CFB.swift in Sources */ = {isa = PBXBuildFile; fileRef = E9AE93812084240C004671B3 /* CFB.swift */; };
		E9AE93A02084240C004671B3 /* CTR.swift in Sources */ = {isa = PBXBuildFile; fileRef = E9AE93822084240C004671B3 /* CTR.swift */; };
		E9AE93A12084240C004671B3 /* ECB.swift in Sources */ = {isa = PBXBuildFile; fileRef = E9AE93832084240C004671B3 /* ECB.swift */; };
		E9AE93A22084240C004671B3 /* OFB.swift in Sources */ = {isa = PBXBuildFile; fileRef = E9AE93842084240C004671B3 /* OFB.swift */; };
		E9AE93A32084240C004671B3 /* PCBC.swift in Sources */ = {isa = PBXBuildFile; fileRef = E9AE93852084240C004671B3 /* PCBC.swift */; };
		E9AE93A42084240C004671B3 /* Cipher.swift in Sources */ = {isa = PBXBuildFile; fileRef = E9AE93862084240C004671B3 /* Cipher.swift */; };
		E9AE93A52084240C004671B3 /* Cryptors.swift in Sources */ = {isa = PBXBuildFile; fileRef = E9AE93872084240C004671B3 /* Cryptors.swift */; };
		E9AE93A62084240C004671B3 /* ArrayExtension.swift in Sources */ = {isa = PBXBuildFile; fileRef = E9AE93892084240C004671B3 /* ArrayExtension.swift */; };
		E9AE93A72084240C004671B3 /* IntExtension.swift in Sources */ = {isa = PBXBuildFile; fileRef = E9AE938A2084240C004671B3 /* IntExtension.swift */; };
		E9AE93A82084240C004671B3 /* UInt32Extension.swift in Sources */ = {isa = PBXBuildFile; fileRef = E9AE938B2084240C004671B3 /* UInt32Extension.swift */; };
		E9AE93A92084240C004671B3 /* UInt64Extension.swift in Sources */ = {isa = PBXBuildFile; fileRef = E9AE938C2084240C004671B3 /* UInt64Extension.swift */; };
		E9AE93AA2084240C004671B3 /* Generics.swift in Sources */ = {isa = PBXBuildFile; fileRef = E9AE938D2084240C004671B3 /* Generics.swift */; };
		E9AE93AC2084240C004671B3 /* BatchedCollection.swift in Sources */ = {isa = PBXBuildFile; fileRef = E9AE93902084240C004671B3 /* BatchedCollection.swift */; };
		E9AE93AD2084240C004671B3 /* Bit.swift in Sources */ = {isa = PBXBuildFile; fileRef = E9AE93912084240C004671B3 /* Bit.swift */; };
		E9AE93AE2084240C004671B3 /* RandomBytesSequence.swift in Sources */ = {isa = PBXBuildFile; fileRef = E9AE93922084240C004671B3 /* RandomBytesSequence.swift */; };
		E9AE93AF2084240C004671B3 /* SecureBytes.swift in Sources */ = {isa = PBXBuildFile; fileRef = E9AE93932084240C004671B3 /* SecureBytes.swift */; };
		E9AE93B02084240C004671B3 /* Updatable.swift in Sources */ = {isa = PBXBuildFile; fileRef = E9AE93972084240C004671B3 /* Updatable.swift */; };
		E9AE93B12084240C004671B3 /* Utils.swift in Sources */ = {isa = PBXBuildFile; fileRef = E9AE93982084240C004671B3 /* Utils.swift */; };
		E9AE93B520842726004671B3 /* NoPadding.swift in Sources */ = {isa = PBXBuildFile; fileRef = E9AE93B220842726004671B3 /* NoPadding.swift */; };
		E9AE93B620842726004671B3 /* ZeroPadding.swift in Sources */ = {isa = PBXBuildFile; fileRef = E9AE93B320842726004671B3 /* ZeroPadding.swift */; };
		E9AE93B720842726004671B3 /* Padding.swift in Sources */ = {isa = PBXBuildFile; fileRef = E9AE93B420842726004671B3 /* Padding.swift */; };
		E9AE93BB2084274A004671B3 /* PKCS5.swift in Sources */ = {isa = PBXBuildFile; fileRef = E9AE93B820842749004671B3 /* PKCS5.swift */; };
		E9AE93BC2084274A004671B3 /* PKCS7.swift in Sources */ = {isa = PBXBuildFile; fileRef = E9AE93B920842749004671B3 /* PKCS7.swift */; };
		E9AE93BD2084274A004671B3 /* PKCS7Padding.swift in Sources */ = {isa = PBXBuildFile; fileRef = E9AE93BA2084274A004671B3 /* PKCS7Padding.swift */; };
/* End PBXBuildFile section */

/* Begin PBXContainerItemProxy section */
		E9AE936A208423CF004671B3 /* PBXContainerItemProxy */ = {
			isa = PBXContainerItemProxy;
			containerPortal = E9AE9356208423CE004671B3 /* Project object */;
			proxyType = 1;
			remoteGlobalIDString = E9AE935E208423CE004671B3;
			remoteInfo = CryptoforFun;
		};
/* End PBXContainerItemProxy section */

/* Begin PBXFileReference section */
		E9AE935F208423CE004671B3 /* CryptoforFun.framework */ = {isa = PBXFileReference; explicitFileType = wrapper.framework; includeInIndex = 0; path = CryptoforFun.framework; sourceTree = BUILT_PRODUCTS_DIR; };
		E9AE9362208423CE004671B3 /* CryptoforFun.h */ = {isa = PBXFileReference; lastKnownFileType = sourcecode.c.h; path = CryptoforFun.h; sourceTree = "<group>"; };
		E9AE9363208423CE004671B3 /* Info.plist */ = {isa = PBXFileReference; lastKnownFileType = text.plist.xml; path = Info.plist; sourceTree = "<group>"; };
		E9AE9368208423CE004671B3 /* CryptoforFunTests.xctest */ = {isa = PBXFileReference; explicitFileType = wrapper.cfbundle; includeInIndex = 0; path = CryptoforFunTests.xctest; sourceTree = BUILT_PRODUCTS_DIR; };
		E9AE936D208423CF004671B3 /* CryptoforFunTests.swift */ = {isa = PBXFileReference; lastKnownFileType = sourcecode.swift; path = CryptoforFunTests.swift; sourceTree = "<group>"; };
		E9AE936F208423CF004671B3 /* Info.plist */ = {isa = PBXFileReference; lastKnownFileType = text.plist.xml; path = Info.plist; sourceTree = "<group>"; };
		E9AE937A2084240C004671B3 /* AES.swift */ = {isa = PBXFileReference; fileEncoding = 4; lastKnownFileType = sourcecode.swift; path = AES.swift; sourceTree = "<group>"; };
		E9AE937B2084240C004671B3 /* AESCryptors.swift */ = {isa = PBXFileReference; fileEncoding = 4; lastKnownFileType = sourcecode.swift; path = AESCryptors.swift; sourceTree = "<group>"; };
		E9AE937D2084240C004671B3 /* BlockMode.swift */ = {isa = PBXFileReference; fileEncoding = 4; lastKnownFileType = sourcecode.swift; path = BlockMode.swift; sourceTree = "<group>"; };
		E9AE937E2084240C004671B3 /* BlockModeOptions.swift */ = {isa = PBXFileReference; fileEncoding = 4; lastKnownFileType = sourcecode.swift; path = BlockModeOptions.swift; sourceTree = "<group>"; };
		E9AE937F2084240C004671B3 /* BlockModeWorker.swift */ = {isa = PBXFileReference; fileEncoding = 4; lastKnownFileType = sourcecode.swift; path = BlockModeWorker.swift; sourceTree = "<group>"; };
		E9AE93802084240C004671B3 /* CBC.swift */ = {isa = PBXFileReference; fileEncoding = 4; lastKnownFileType = sourcecode.swift; path = CBC.swift; sourceTree = "<group>"; };
		E9AE93812084240C004671B3 /* CFB.swift */ = {isa = PBXFileReference; fileEncoding = 4; lastKnownFileType = sourcecode.swift; path = CFB.swift; sourceTree = "<group>"; };
		E9AE93822084240C004671B3 /* CTR.swift */ = {isa = PBXFileReference; fileEncoding = 4; lastKnownFileType = sourcecode.swift; path = CTR.swift; sourceTree = "<group>"; };
		E9AE93832084240C004671B3 /* ECB.swift */ = {isa = PBXFileReference; fileEncoding = 4; lastKnownFileType = sourcecode.swift; path = ECB.swift; sourceTree = "<group>"; };
		E9AE93842084240C004671B3 /* OFB.swift */ = {isa = PBXFileReference; fileEncoding = 4; lastKnownFileType = sourcecode.swift; path = OFB.swift; sourceTree = "<group>"; };
		E9AE93852084240C004671B3 /* PCBC.swift */ = {isa = PBXFileReference; fileEncoding = 4; lastKnownFileType = sourcecode.swift; path = PCBC.swift; sourceTree = "<group>"; };
		E9AE93862084240C004671B3 /* Cipher.swift */ = {isa = PBXFileReference; fileEncoding = 4; lastKnownFileType = sourcecode.swift; path = Cipher.swift; sourceTree = "<group>"; };
		E9AE93872084240C004671B3 /* Cryptors.swift */ = {isa = PBXFileReference; fileEncoding = 4; lastKnownFileType = sourcecode.swift; path = Cryptors.swift; sourceTree = "<group>"; };
		E9AE93892084240C004671B3 /* ArrayExtension.swift */ = {isa = PBXFileReference; fileEncoding = 4; lastKnownFileType = sourcecode.swift; path = ArrayExtension.swift; sourceTree = "<group>"; };
		E9AE938A2084240C004671B3 /* IntExtension.swift */ = {isa = PBXFileReference; fileEncoding = 4; lastKnownFileType = sourcecode.swift; path = IntExtension.swift; sourceTree = "<group>"; };
		E9AE938B2084240C004671B3 /* UInt32Extension.swift */ = {isa = PBXFileReference; fileEncoding = 4; lastKnownFileType = sourcecode.swift; path = UInt32Extension.swift; sourceTree = "<group>"; };
		E9AE938C2084240C004671B3 /* UInt64Extension.swift */ = {isa = PBXFileReference; fileEncoding = 4; lastKnownFileType = sourcecode.swift; path = UInt64Extension.swift; sourceTree = "<group>"; };
		E9AE938D2084240C004671B3 /* Generics.swift */ = {isa = PBXFileReference; fileEncoding = 4; lastKnownFileType = sourcecode.swift; path = Generics.swift; sourceTree = "<group>"; };
		E9AE93902084240C004671B3 /* BatchedCollection.swift */ = {isa = PBXFileReference; fileEncoding = 4; lastKnownFileType = sourcecode.swift; path = BatchedCollection.swift; sourceTree = "<group>"; };
		E9AE93912084240C004671B3 /* Bit.swift */ = {isa = PBXFileReference; fileEncoding = 4; lastKnownFileType = sourcecode.swift; path = Bit.swift; sourceTree = "<group>"; };
		E9AE93922084240C004671B3 /* RandomBytesSequence.swift */ = {isa = PBXFileReference; fileEncoding = 4; lastKnownFileType = sourcecode.swift; path = RandomBytesSequence.swift; sourceTree = "<group>"; };
		E9AE93932084240C004671B3 /* SecureBytes.swift */ = {isa = PBXFileReference; fileEncoding = 4; lastKnownFileType = sourcecode.swift; path = SecureBytes.swift; sourceTree = "<group>"; };
		E9AE93972084240C004671B3 /* Updatable.swift */ = {isa = PBXFileReference; fileEncoding = 4; lastKnownFileType = sourcecode.swift; path = Updatable.swift; sourceTree = "<group>"; };
		E9AE93982084240C004671B3 /* Utils.swift */ = {isa = PBXFileReference; fileEncoding = 4; lastKnownFileType = sourcecode.swift; path = Utils.swift; sourceTree = "<group>"; };
		E9AE93B220842726004671B3 /* NoPadding.swift */ = {isa = PBXFileReference; fileEncoding = 4; lastKnownFileType = sourcecode.swift; path = NoPadding.swift; sourceTree = "<group>"; };
		E9AE93B320842726004671B3 /* ZeroPadding.swift */ = {isa = PBXFileReference; fileEncoding = 4; lastKnownFileType = sourcecode.swift; path = ZeroPadding.swift; sourceTree = "<group>"; };
		E9AE93B420842726004671B3 /* Padding.swift */ = {isa = PBXFileReference; fileEncoding = 4; lastKnownFileType = sourcecode.swift; path = Padding.swift; sourceTree = "<group>"; };
		E9AE93B820842749004671B3 /* PKCS5.swift */ = {isa = PBXFileReference; fileEncoding = 4; lastKnownFileType = sourcecode.swift; path = PKCS5.swift; sourceTree = "<group>"; };
		E9AE93B920842749004671B3 /* PKCS7.swift */ = {isa = PBXFileReference; fileEncoding = 4; lastKnownFileType = sourcecode.swift; path = PKCS7.swift; sourceTree = "<group>"; };
		E9AE93BA2084274A004671B3 /* PKCS7Padding.swift */ = {isa = PBXFileReference; fileEncoding = 4; lastKnownFileType = sourcecode.swift; path = PKCS7Padding.swift; sourceTree = "<group>"; };
/* End PBXFileReference section */

/* Begin PBXFrameworksBuildPhase section */
		E9AE935B208423CE004671B3 /* Frameworks */ = {
			isa = PBXFrameworksBuildPhase;
			buildActionMask = 2147483647;
			files = (
			);
			runOnlyForDeploymentPostprocessing = 0;
		};
		E9AE9365208423CE004671B3 /* Frameworks */ = {
			isa = PBXFrameworksBuildPhase;
			buildActionMask = 2147483647;
			files = (
				E9AE9369208423CF004671B3 /* CryptoforFun.framework in Frameworks */,
			);
			runOnlyForDeploymentPostprocessing = 0;
		};
/* End PBXFrameworksBuildPhase section */

/* Begin PBXGroup section */
		E9AE9355208423CE004671B3 = {
			isa = PBXGroup;
			children = (
				E9AE9361208423CE004671B3 /* CryptoforFun */,
				E9AE936C208423CF004671B3 /* CryptoforFunTests */,
				E9AE9360208423CE004671B3 /* Products */,
			);
			sourceTree = "<group>";
		};
		E9AE9360208423CE004671B3 /* Products */ = {
			isa = PBXGroup;
			children = (
				E9AE935F208423CE004671B3 /* CryptoforFun.framework */,
				E9AE9368208423CE004671B3 /* CryptoforFunTests.xctest */,
			);
			name = Products;
			sourceTree = "<group>";
		};
		E9AE9361208423CE004671B3 /* CryptoforFun */ = {
			isa = PBXGroup;
			children = (
				E9AE93792084240C004671B3 /* CryptoLearning */,
				E9AE9362208423CE004671B3 /* CryptoforFun.h */,
				E9AE9363208423CE004671B3 /* Info.plist */,
			);
			path = CryptoforFun;
			sourceTree = "<group>";
		};
		E9AE936C208423CF004671B3 /* CryptoforFunTests */ = {
			isa = PBXGroup;
			children = (
				E9AE936D208423CF004671B3 /* CryptoforFunTests.swift */,
				E9AE936F208423CF004671B3 /* Info.plist */,
			);
			path = CryptoforFunTests;
			sourceTree = "<group>";
		};
		E9AE93792084240C004671B3 /* CryptoLearning */ = {
			isa = PBXGroup;
			children = (
				E9AE93952084240C004671B3 /* PKCS */,
				E9AE93882084240C004671B3 /* ExtensionTypes */,
				E9AE938F2084240C004671B3 /* NewTypes */,
				E9AE937C2084240C004671B3 /* BlockMode */,
				E9AE93942084240C004671B3 /* Padding */,
				E9AE937A2084240C004671B3 /* AES.swift */,
				E9AE937B2084240C004671B3 /* AESCryptors.swift */,
				E9AE93862084240C004671B3 /* Cipher.swift */,
				E9AE93872084240C004671B3 /* Cryptors.swift */,
				E9AE938D2084240C004671B3 /* Generics.swift */,
				E9AE93972084240C004671B3 /* Updatable.swift */,
				E9AE93982084240C004671B3 /* Utils.swift */,
			);
			path = CryptoLearning;
			sourceTree = "<group>";
		};
		E9AE937C2084240C004671B3 /* BlockMode */ = {
			isa = PBXGroup;
			children = (
				E9AE937D2084240C004671B3 /* BlockMode.swift */,
				E9AE937E2084240C004671B3 /* BlockModeOptions.swift */,
				E9AE937F2084240C004671B3 /* BlockModeWorker.swift */,
				E9AE93802084240C004671B3 /* CBC.swift */,
				E9AE93812084240C004671B3 /* CFB.swift */,
				E9AE93822084240C004671B3 /* CTR.swift */,
				E9AE93832084240C004671B3 /* ECB.swift */,
				E9AE93842084240C004671B3 /* OFB.swift */,
				E9AE93852084240C004671B3 /* PCBC.swift */,
			);
			path = BlockMode;
			sourceTree = "<group>";
		};
		E9AE93882084240C004671B3 /* ExtensionTypes */ = {
			isa = PBXGroup;
			children = (
				E9AE93892084240C004671B3 /* ArrayExtension.swift */,
				E9AE938A2084240C004671B3 /* IntExtension.swift */,
				E9AE938B2084240C004671B3 /* UInt32Extension.swift */,
				E9AE938C2084240C004671B3 /* UInt64Extension.swift */,
			);
			path = ExtensionTypes;
			sourceTree = "<group>";
		};
		E9AE938F2084240C004671B3 /* NewTypes */ = {
			isa = PBXGroup;
			children = (
				E9AE93902084240C004671B3 /* BatchedCollection.swift */,
				E9AE93912084240C004671B3 /* Bit.swift */,
				E9AE93922084240C004671B3 /* RandomBytesSequence.swift */,
				E9AE93932084240C004671B3 /* SecureBytes.swift */,
			);
			path = NewTypes;
			sourceTree = "<group>";
		};
		E9AE93942084240C004671B3 /* Padding */ = {
			isa = PBXGroup;
			children = (
				E9AE93B220842726004671B3 /* NoPadding.swift */,
				E9AE93B420842726004671B3 /* Padding.swift */,
				E9AE93B320842726004671B3 /* ZeroPadding.swift */,
			);
			path = Padding;
			sourceTree = "<group>";
		};
		E9AE93952084240C004671B3 /* PKCS */ = {
			isa = PBXGroup;
			children = (
				E9AE93B820842749004671B3 /* PKCS5.swift */,
				E9AE93B920842749004671B3 /* PKCS7.swift */,
				E9AE93BA2084274A004671B3 /* PKCS7Padding.swift */,
			);
			path = PKCS;
			sourceTree = "<group>";
		};
/* End PBXGroup section */

/* Begin PBXHeadersBuildPhase section */
		E9AE935C208423CE004671B3 /* Headers */ = {
			isa = PBXHeadersBuildPhase;
			buildActionMask = 2147483647;
			files = (
				E9AE9370208423CF004671B3 /* CryptoforFun.h in Headers */,
			);
			runOnlyForDeploymentPostprocessing = 0;
		};
/* End PBXHeadersBuildPhase section */

/* Begin PBXNativeTarget section */
		E9AE935E208423CE004671B3 /* CryptoforFun */ = {
			isa = PBXNativeTarget;
			buildConfigurationList = E9AE9373208423CF004671B3 /* Build configuration list for PBXNativeTarget "CryptoforFun" */;
			buildPhases = (
				E9AE935A208423CE004671B3 /* Sources */,
				E9AE935B208423CE004671B3 /* Frameworks */,
				E9AE935C208423CE004671B3 /* Headers */,
				E9AE935D208423CE004671B3 /* Resources */,
			);
			buildRules = (
			);
			dependencies = (
			);
			name = CryptoforFun;
			productName = CryptoforFun;
			productReference = E9AE935F208423CE004671B3 /* CryptoforFun.framework */;
			productType = "com.apple.product-type.framework";
		};
		E9AE9367208423CE004671B3 /* CryptoforFunTests */ = {
			isa = PBXNativeTarget;
			buildConfigurationList = E9AE9376208423CF004671B3 /* Build configuration list for PBXNativeTarget "CryptoforFunTests" */;
			buildPhases = (
				E9AE9364208423CE004671B3 /* Sources */,
				E9AE9365208423CE004671B3 /* Frameworks */,
				E9AE9366208423CE004671B3 /* Resources */,
			);
			buildRules = (
			);
			dependencies = (
				E9AE936B208423CF004671B3 /* PBXTargetDependency */,
			);
			name = CryptoforFunTests;
			productName = CryptoforFunTests;
			productReference = E9AE9368208423CE004671B3 /* CryptoforFunTests.xctest */;
			productType = "com.apple.product-type.bundle.unit-test";
		};
/* End PBXNativeTarget section */

/* Begin PBXProject section */
		E9AE9356208423CE004671B3 /* Project object */ = {
			isa = PBXProject;
			attributes = {
				LastSwiftUpdateCheck = 0920;
				LastUpgradeCheck = 0920;
				ORGANIZATIONNAME = icefires;
				TargetAttributes = {
					E9AE935E208423CE004671B3 = {
						CreatedOnToolsVersion = 9.2;
						ProvisioningStyle = Automatic;
					};
					E9AE9367208423CE004671B3 = {
						CreatedOnToolsVersion = 9.2;
						ProvisioningStyle = Automatic;
					};
				};
			};
			buildConfigurationList = E9AE9359208423CE004671B3 /* Build configuration list for PBXProject "CryptoforFun" */;
			compatibilityVersion = "Xcode 8.0";
			developmentRegion = en;
			hasScannedForEncodings = 0;
			knownRegions = (
				en,
			);
			mainGroup = E9AE9355208423CE004671B3;
			productRefGroup = E9AE9360208423CE004671B3 /* Products */;
			projectDirPath = "";
			projectRoot = "";
			targets = (
				E9AE935E208423CE004671B3 /* CryptoforFun */,
				E9AE9367208423CE004671B3 /* CryptoforFunTests */,
			);
		};
/* End PBXProject section */

/* Begin PBXResourcesBuildPhase section */
		E9AE935D208423CE004671B3 /* Resources */ = {
			isa = PBXResourcesBuildPhase;
			buildActionMask = 2147483647;
			files = (
			);
			runOnlyForDeploymentPostprocessing = 0;
		};
		E9AE9366208423CE004671B3 /* Resources */ = {
			isa = PBXResourcesBuildPhase;
			buildActionMask = 2147483647;
			files = (
			);
			runOnlyForDeploymentPostprocessing = 0;
		};
/* End PBXResourcesBuildPhase section */

/* Begin PBXSourcesBuildPhase section */
		E9AE935A208423CE004671B3 /* Sources */ = {
			isa = PBXSourcesBuildPhase;
			buildActionMask = 2147483647;
			files = (
				E9AE939F2084240C004671B3 /* CFB.swift in Sources */,
				E9AE93AF2084240C004671B3 /* SecureBytes.swift in Sources */,
				E9AE93AD2084240C004671B3 /* Bit.swift in Sources */,
				E9AE93B520842726004671B3 /* NoPadding.swift in Sources */,
				E9AE93A12084240C004671B3 /* ECB.swift in Sources */,
				E9AE93A82084240C004671B3 /* UInt32Extension.swift in Sources */,
				E9AE93B12084240C004671B3 /* Utils.swift in Sources */,
				E9AE93AA2084240C004671B3 /* Generics.swift in Sources */,
				E9AE939E2084240C004671B3 /* CBC.swift in Sources */,
				E9AE93992084240C004671B3 /* AES.swift in Sources */,
				E9AE939C2084240C004671B3 /* BlockModeOptions.swift in Sources */,
				E9AE93B720842726004671B3 /* Padding.swift in Sources */,
				E9AE93BB2084274A004671B3 /* PKCS5.swift in Sources */,
				E9AE93A32084240C004671B3 /* PCBC.swift in Sources */,
				E9AE93A92084240C004671B3 /* UInt64Extension.swift in Sources */,
				E9AE93A42084240C004671B3 /* Cipher.swift in Sources */,
				E9AE93B02084240C004671B3 /* Updatable.swift in Sources */,
				E9AE93B620842726004671B3 /* ZeroPadding.swift in Sources */,
				E9AE939A2084240C004671B3 /* AESCryptors.swift in Sources */,
				E9AE93BC2084274A004671B3 /* PKCS7.swift in Sources */,
				E9AE93A72084240C004671B3 /* IntExtension.swift in Sources */,
				E9AE93A02084240C004671B3 /* CTR.swift in Sources */,
				E9AE939D2084240C004671B3 /* BlockModeWorker.swift in Sources */,
				E9AE93A52084240C004671B3 /* Cryptors.swift in Sources */,
				E9AE93BD2084274A004671B3 /* PKCS7Padding.swift in Sources */,
				E9AE93A62084240C004671B3 /* ArrayExtension.swift in Sources */,
				E9AE93AC2084240C004671B3 /* BatchedCollection.swift in Sources */,
				E9AE93AE2084240C004671B3 /* RandomBytesSequence.swift in Sources */,
				E9AE939B2084240C004671B3 /* BlockMode.swift in Sources */,
				E9AE93A22084240C004671B3 /* OFB.swift in Sources */,
			);
			runOnlyForDeploymentPostprocessing = 0;
		};
		E9AE9364208423CE004671B3 /* Sources */ = {
			isa = PBXSourcesBuildPhase;
			buildActionMask = 2147483647;
			files = (
				E9AE936E208423CF004671B3 /* CryptoforFunTests.swift in Sources */,
			);
			runOnlyForDeploymentPostprocessing = 0;
		};
/* End PBXSourcesBuildPhase section */

/* Begin PBXTargetDependency section */
		E9AE936B208423CF004671B3 /* PBXTargetDependency */ = {
			isa = PBXTargetDependency;
			target = E9AE935E208423CE004671B3 /* CryptoforFun */;
			targetProxy = E9AE936A208423CF004671B3 /* PBXContainerItemProxy */;
		};
/* End PBXTargetDependency section */

/* Begin XCBuildConfiguration section */
		E9AE9371208423CF004671B3 /* Debug */ = {
			isa = XCBuildConfiguration;
			buildSettings = {
				ALWAYS_SEARCH_USER_PATHS = NO;
				CLANG_ANALYZER_NONNULL = YES;
				CLANG_ANALYZER_NUMBER_OBJECT_CONVERSION = YES_AGGRESSIVE;
				CLANG_CXX_LANGUAGE_STANDARD = "gnu++14";
				CLANG_CXX_LIBRARY = "libc++";
				CLANG_ENABLE_MODULES = YES;
				CLANG_ENABLE_OBJC_ARC = YES;
				CLANG_WARN_BLOCK_CAPTURE_AUTORELEASING = YES;
				CLANG_WARN_BOOL_CONVERSION = YES;
				CLANG_WARN_COMMA = YES;
				CLANG_WARN_CONSTANT_CONVERSION = YES;
				CLANG_WARN_DIRECT_OBJC_ISA_USAGE = YES_ERROR;
				CLANG_WARN_DOCUMENTATION_COMMENTS = YES;
				CLANG_WARN_EMPTY_BODY = YES;
				CLANG_WARN_ENUM_CONVERSION = YES;
				CLANG_WARN_INFINITE_RECURSION = YES;
				CLANG_WARN_INT_CONVERSION = YES;
				CLANG_WARN_NON_LITERAL_NULL_CONVERSION = YES;
				CLANG_WARN_OBJC_LITERAL_CONVERSION = YES;
				CLANG_WARN_OBJC_ROOT_CLASS = YES_ERROR;
				CLANG_WARN_RANGE_LOOP_ANALYSIS = YES;
				CLANG_WARN_STRICT_PROTOTYPES = YES;
				CLANG_WARN_SUSPICIOUS_MOVE = YES;
				CLANG_WARN_UNGUARDED_AVAILABILITY = YES_AGGRESSIVE;
				CLANG_WARN_UNREACHABLE_CODE = YES;
				CLANG_WARN__DUPLICATE_METHOD_MATCH = YES;
				CODE_SIGN_IDENTITY = "Mac Developer";
				COPY_PHASE_STRIP = NO;
				CURRENT_PROJECT_VERSION = 1;
				DEBUG_INFORMATION_FORMAT = dwarf;
				ENABLE_STRICT_OBJC_MSGSEND = YES;
				ENABLE_TESTABILITY = YES;
				GCC_C_LANGUAGE_STANDARD = gnu11;
				GCC_DYNAMIC_NO_PIC = NO;
				GCC_NO_COMMON_BLOCKS = YES;
				GCC_OPTIMIZATION_LEVEL = 0;
				GCC_PREPROCESSOR_DEFINITIONS = (
					"DEBUG=1",
					"$(inherited)",
				);
				GCC_WARN_64_TO_32_BIT_CONVERSION = YES;
				GCC_WARN_ABOUT_RETURN_TYPE = YES_ERROR;
				GCC_WARN_UNDECLARED_SELECTOR = YES;
				GCC_WARN_UNINITIALIZED_AUTOS = YES_AGGRESSIVE;
				GCC_WARN_UNUSED_FUNCTION = YES;
				GCC_WARN_UNUSED_VARIABLE = YES;
				MACOSX_DEPLOYMENT_TARGET = 10.12;
				MTL_ENABLE_DEBUG_INFO = YES;
				ONLY_ACTIVE_ARCH = YES;
				SDKROOT = macosx;
				SWIFT_ACTIVE_COMPILATION_CONDITIONS = DEBUG;
				SWIFT_OPTIMIZATION_LEVEL = "-Onone";
				VERSIONING_SYSTEM = "apple-generic";
				VERSION_INFO_PREFIX = "";
			};
			name = Debug;
		};
		E9AE9372208423CF004671B3 /* Release */ = {
			isa = XCBuildConfiguration;
			buildSettings = {
				ALWAYS_SEARCH_USER_PATHS = NO;
				CLANG_ANALYZER_NONNULL = YES;
				CLANG_ANALYZER_NUMBER_OBJECT_CONVERSION = YES_AGGRESSIVE;
				CLANG_CXX_LANGUAGE_STANDARD = "gnu++14";
				CLANG_CXX_LIBRARY = "libc++";
				CLANG_ENABLE_MODULES = YES;
				CLANG_ENABLE_OBJC_ARC = YES;
				CLANG_WARN_BLOCK_CAPTURE_AUTORELEASING = YES;
				CLANG_WARN_BOOL_CONVERSION = YES;
				CLANG_WARN_COMMA = YES;
				CLANG_WARN_CONSTANT_CONVERSION = YES;
				CLANG_WARN_DIRECT_OBJC_ISA_USAGE = YES_ERROR;
				CLANG_WARN_DOCUMENTATION_COMMENTS = YES;
				CLANG_WARN_EMPTY_BODY = YES;
				CLANG_WARN_ENUM_CONVERSION = YES;
				CLANG_WARN_INFINITE_RECURSION = YES;
				CLANG_WARN_INT_CONVERSION = YES;
				CLANG_WARN_NON_LITERAL_NULL_CONVERSION = YES;
				CLANG_WARN_OBJC_LITERAL_CONVERSION = YES;
				CLANG_WARN_OBJC_ROOT_CLASS = YES_ERROR;
				CLANG_WARN_RANGE_LOOP_ANALYSIS = YES;
				CLANG_WARN_STRICT_PROTOTYPES = YES;
				CLANG_WARN_SUSPICIOUS_MOVE = YES;
				CLANG_WARN_UNGUARDED_AVAILABILITY = YES_AGGRESSIVE;
				CLANG_WARN_UNREACHABLE_CODE = YES;
				CLANG_WARN__DUPLICATE_METHOD_MATCH = YES;
				CODE_SIGN_IDENTITY = "Mac Developer";
				COPY_PHASE_STRIP = NO;
				CURRENT_PROJECT_VERSION = 1;
				DEBUG_INFORMATION_FORMAT = "dwarf-with-dsym";
				ENABLE_NS_ASSERTIONS = NO;
				ENABLE_STRICT_OBJC_MSGSEND = YES;
				GCC_C_LANGUAGE_STANDARD = gnu11;
				GCC_NO_COMMON_BLOCKS = YES;
				GCC_WARN_64_TO_32_BIT_CONVERSION = YES;
				GCC_WARN_ABOUT_RETURN_TYPE = YES_ERROR;
				GCC_WARN_UNDECLARED_SELECTOR = YES;
				GCC_WARN_UNINITIALIZED_AUTOS = YES_AGGRESSIVE;
				GCC_WARN_UNUSED_FUNCTION = YES;
				GCC_WARN_UNUSED_VARIABLE = YES;
				MACOSX_DEPLOYMENT_TARGET = 10.12;
				MTL_ENABLE_DEBUG_INFO = NO;
				SDKROOT = macosx;
				SWIFT_OPTIMIZATION_LEVEL = "-Owholemodule";
				VERSIONING_SYSTEM = "apple-generic";
				VERSION_INFO_PREFIX = "";
			};
			name = Release;
		};
		E9AE9374208423CF004671B3 /* Debug */ = {
			isa = XCBuildConfiguration;
			buildSettings = {
				CODE_SIGN_IDENTITY = "";
				CODE_SIGN_STYLE = Automatic;
				COMBINE_HIDPI_IMAGES = YES;
				DEFINES_MODULE = YES;
				DEVELOPMENT_TEAM = AC2CZW9UF4;
				DYLIB_COMPATIBILITY_VERSION = 1;
				DYLIB_CURRENT_VERSION = 1;
				DYLIB_INSTALL_NAME_BASE = "@rpath";
				FRAMEWORK_VERSION = A;
				INFOPLIST_FILE = CryptoforFun/Info.plist;
				INSTALL_PATH = "$(LOCAL_LIBRARY_DIR)/Frameworks";
				LD_RUNPATH_SEARCH_PATHS = "$(inherited) @executable_path/../Frameworks @loader_path/Frameworks";
				PRODUCT_BUNDLE_IDENTIFIER = icefires.CryptoforFun;
				PRODUCT_NAME = "$(TARGET_NAME:c99extidentifier)";
				SKIP_INSTALL = YES;
				SWIFT_VERSION = 4.0;
			};
			name = Debug;
		};
		E9AE9375208423CF004671B3 /* Release */ = {
			isa = XCBuildConfiguration;
			buildSettings = {
				CODE_SIGN_IDENTITY = "";
				CODE_SIGN_STYLE = Automatic;
				COMBINE_HIDPI_IMAGES = YES;
				DEFINES_MODULE = YES;
				DEVELOPMENT_TEAM = AC2CZW9UF4;
				DYLIB_COMPATIBILITY_VERSION = 1;
				DYLIB_CURRENT_VERSION = 1;
				DYLIB_INSTALL_NAME_BASE = "@rpath";
				FRAMEWORK_VERSION = A;
				INFOPLIST_FILE = CryptoforFun/Info.plist;
				INSTALL_PATH = "$(LOCAL_LIBRARY_DIR)/Frameworks";
				LD_RUNPATH_SEARCH_PATHS = "$(inherited) @executable_path/../Frameworks @loader_path/Frameworks";
				PRODUCT_BUNDLE_IDENTIFIER = icefires.CryptoforFun;
				PRODUCT_NAME = "$(TARGET_NAME:c99extidentifier)";
				SKIP_INSTALL = YES;
				SWIFT_VERSION = 4.0;
			};
			name = Release;
		};
		E9AE9377208423CF004671B3 /* Debug */ = {
			isa = XCBuildConfiguration;
			buildSettings = {
				ALWAYS_EMBED_SWIFT_STANDARD_LIBRARIES = YES;
				CODE_SIGN_STYLE = Automatic;
				COMBINE_HIDPI_IMAGES = YES;
				DEVELOPMENT_TEAM = AC2CZW9UF4;
				INFOPLIST_FILE = CryptoforFunTests/Info.plist;
				LD_RUNPATH_SEARCH_PATHS = "$(inherited) @executable_path/../Frameworks @loader_path/../Frameworks";
				PRODUCT_BUNDLE_IDENTIFIER = icefires.CryptoforFunTests;
				PRODUCT_NAME = "$(TARGET_NAME)";
				SWIFT_VERSION = 4.0;
			};
			name = Debug;
		};
		E9AE9378208423CF004671B3 /* Release */ = {
			isa = XCBuildConfiguration;
			buildSettings = {
				ALWAYS_EMBED_SWIFT_STANDARD_LIBRARIES = YES;
				CODE_SIGN_STYLE = Automatic;
				COMBINE_HIDPI_IMAGES = YES;
				DEVELOPMENT_TEAM = AC2CZW9UF4;
				INFOPLIST_FILE = CryptoforFunTests/Info.plist;
				LD_RUNPATH_SEARCH_PATHS = "$(inherited) @executable_path/../Frameworks @loader_path/../Frameworks";
				PRODUCT_BUNDLE_IDENTIFIER = icefires.CryptoforFunTests;
				PRODUCT_NAME = "$(TARGET_NAME)";
				SWIFT_VERSION = 4.0;
			};
			name = Release;
		};
/* End XCBuildConfiguration section */

/* Begin XCConfigurationList section */
		E9AE9359208423CE004671B3 /* Build configuration list for PBXProject "CryptoforFun" */ = {
			isa = XCConfigurationList;
			buildConfigurations = (
				E9AE9371208423CF004671B3 /* Debug */,
				E9AE9372208423CF004671B3 /* Release */,
			);
			defaultConfigurationIsVisible = 0;
			defaultConfigurationName = Release;
		};
		E9AE9373208423CF004671B3 /* Build configuration list for PBXNativeTarget "CryptoforFun" */ = {
			isa = XCConfigurationList;
			buildConfigurations = (
				E9AE9374208423CF004671B3 /* Debug */,
				E9AE9375208423CF004671B3 /* Release */,
			);
			defaultConfigurationIsVisible = 0;
			defaultConfigurationName = Release;
		};
		E9AE9376208423CF004671B3 /* Build configuration list for PBXNativeTarget "CryptoforFunTests" */ = {
			isa = XCConfigurationList;
			buildConfigurations = (
				E9AE9377208423CF004671B3 /* Debug */,
				E9AE9378208423CF004671B3 /* Release */,
			);
			defaultConfigurationIsVisible = 0;
			defaultConfigurationName = Release;
		};
/* End XCConfigurationList section */
	};
	rootObject = E9AE9356208423CE004671B3 /* Project object */;
}
